
Microsoft Visual Studio Solution File, Format Version 12.00
# Visual Studio Version 17
VisualStudioVersion = 17.4.33110.190
MinimumVisualStudioVersion = 10.0.40219.1
Project("{6EC3EE1D-3C4E-46DD-8F32-0CC8E7565705}") = "ElfCalories", "ElfCalories\ElfCalories.fsproj", "{9F10E420-701A-43C0-A86B-A31B454C344F}"
EndProject
Project("{6EC3EE1D-3C4E-46DD-8F32-0CC8E7565705}") = "ElfRockPaperScissors", "ElfRockPaperScissors\ElfRockPaperScissors.fsproj", "{44D53075-07F7-4404-A4E2-9647DDA34510}"
EndProject
Project("{6EC3EE1D-3C4E-46DD-8F32-0CC8E7565705}") = "ElfRucksack", "ElfRucksack\ElfRucksack.fsproj", "{A9B1804D-101D-4610-9EA3-36452DA11E1C}"
EndProject
Project("{6EC3EE1D-3C4E-46DD-8F32-0CC8E7565705}") = "ElfCampCleanup", "ElfCampCleanup\ElfCampCleanup.fsproj", "{11D57186-417C-46BD-A851-D06D6945E34C}"
EndProject
Project("{6EC3EE1D-3C4E-46DD-8F32-0CC8E7565705}") = "ElfSupplyStacks", "ElfSupplyStacks\ElfSupplyStacks.fsproj", "{1F967A25-F327-4C5D-8B3F-4FFC940FD2E9}"
EndProject
Project("{6EC3EE1D-3C4E-46DD-8F32-0CC8E7565705}") = "ElfTuningTrouble", "ElfTuningTrouble\ElfTuningTrouble.fsproj", "{5B4BA610-7E5E-4F9C-AED3-F985AD9B75DD}"
EndProject
Project("{6EC3EE1D-3C4E-46DD-8F32-0CC8E7565705}") = "ElfNoSpace", "ElfNoSpace\ElfNoSpace.fsproj", "{466819B4-C495-4D1E-B3CB-FA2A70EC6340}"
EndProject
Project("{F2A71F9B-5D33-465A-A702-920D77279786}") = "ElfTreeHouse", "ElfTreeHouse\ElfTreeHouse.fsproj", "{8909388B-2193-4A85-A7C8-AAE99FDC0837}"
EndProject
Global
	GlobalSection(SolutionConfigurationPlatforms) = preSolution
		Debug|Any CPU = Debug|Any CPU
		Release|Any CPU = Release|Any CPU
	EndGlobalSection
	GlobalSection(ProjectConfigurationPlatforms) = postSolution
		{9F10E420-701A-43C0-A86B-A31B454C344F}.Debug|Any CPU.ActiveCfg = Debug|Any CPU
		{9F10E420-701A-43C0-A86B-A31B454C344F}.Debug|Any CPU.Build.0 = Debug|Any CPU
		{9F10E420-701A-43C0-A86B-A31B454C344F}.Release|Any CPU.ActiveCfg = Release|Any CPU
		{9F10E420-701A-43C0-A86B-A31B454C344F}.Release|Any CPU.Build.0 = Release|Any CPU
		{44D53075-07F7-4404-A4E2-9647DDA34510}.Debug|Any CPU.ActiveCfg = Debug|Any CPU
		{44D53075-07F7-4404-A4E2-9647DDA34510}.Debug|Any CPU.Build.0 = Debug|Any CPU
		{44D53075-07F7-4404-A4E2-9647DDA34510}.Release|Any CPU.ActiveCfg = Release|Any CPU
		{44D53075-07F7-4404-A4E2-9647DDA34510}.Release|Any CPU.Build.0 = Release|Any CPU
		{A9B1804D-101D-4610-9EA3-36452DA11E1C}.Debug|Any CPU.ActiveCfg = Debug|Any CPU
		{A9B1804D-101D-4610-9EA3-36452DA11E1C}.Debug|Any CPU.Build.0 = Debug|Any CPU
		{A9B1804D-101D-4610-9EA3-36452DA11E1C}.Release|Any CPU.ActiveCfg = Release|Any CPU
		{A9B1804D-101D-4610-9EA3-36452DA11E1C}.Release|Any CPU.Build.0 = Release|Any CPU
		{11D57186-417C-46BD-A851-D06D6945E34C}.Debug|Any CPU.ActiveCfg = Debug|Any CPU
		{11D57186-417C-46BD-A851-D06D6945E34C}.Debug|Any CPU.Build.0 = Debug|Any CPU
		{11D57186-417C-46BD-A851-D06D6945E34C}.Release|Any CPU.ActiveCfg = Release|Any CPU
		{11D57186-417C-46BD-A851-D06D6945E34C}.Release|Any CPU.Build.0 = Release|Any CPU
		{1F967A25-F327-4C5D-8B3F-4FFC940FD2E9}.Debug|Any CPU.ActiveCfg = Debug|Any CPU
		{1F967A25-F327-4C5D-8B3F-4FFC940FD2E9}.Debug|Any CPU.Build.0 = Debug|Any CPU
		{1F967A25-F327-4C5D-8B3F-4FFC940FD2E9}.Release|Any CPU.ActiveCfg = Release|Any CPU
		{1F967A25-F327-4C5D-8B3F-4FFC940FD2E9}.Release|Any CPU.Build.0 = Release|Any CPU
		{5B4BA610-7E5E-4F9C-AED3-F985AD9B75DD}.Debug|Any CPU.ActiveCfg = Debug|Any CPU
		{5B4BA610-7E5E-4F9C-AED3-F985AD9B75DD}.Debug|Any CPU.Build.0 = Debug|Any CPU
		{5B4BA610-7E5E-4F9C-AED3-F985AD9B75DD}.Release|Any CPU.ActiveCfg = Release|Any CPU
		{5B4BA610-7E5E-4F9C-AED3-F985AD9B75DD}.Release|Any CPU.Build.0 = Release|Any CPU
		{466819B4-C495-4D1E-B3CB-FA2A70EC6340}.Debug|Any CPU.ActiveCfg = Debug|Any CPU
		{466819B4-C495-4D1E-B3CB-FA2A70EC6340}.Debug|Any CPU.Build.0 = Debug|Any CPU
		{466819B4-C495-4D1E-B3CB-FA2A70EC6340}.Release|Any CPU.ActiveCfg = Release|Any CPU
		{466819B4-C495-4D1E-B3CB-FA2A70EC6340}.Release|Any CPU.Build.0 = Release|Any CPU
		{8909388B-2193-4A85-A7C8-AAE99FDC0837}.Debug|Any CPU.ActiveCfg = Debug|Any CPU
		{8909388B-2193-4A85-A7C8-AAE99FDC0837}.Debug|Any CPU.Build.0 = Debug|Any CPU
		{8909388B-2193-4A85-A7C8-AAE99FDC0837}.Release|Any CPU.ActiveCfg = Release|Any CPU
		{8909388B-2193-4A85-A7C8-AAE99FDC0837}.Release|Any CPU.Build.0 = Release|Any CPU
	EndGlobalSection
	GlobalSection(SolutionProperties) = preSolution
		HideSolutionNode = FALSE
	EndGlobalSection
	GlobalSection(ExtensibilityGlobals) = postSolution
		SolutionGuid = {C695177C-5AD2-4C36-B2C7-EDC1F02E8AEF}
	EndGlobalSection
EndGlobal
